
Microsoft Visual Studio Solution File, Format Version 12.00
# Visual Studio Version 17
VisualStudioVersion = 17.7.34003.232
MinimumVisualStudioVersion = 10.0.40219.1
Project("{FAE04EC0-301F-11D3-BF4B-00C04F79EFBC}") = "student-core-api", "student-core-api\student-core-api.csproj", "{B6AE94B5-8691-4234-8557-934D2BEB3EBF}"
EndProject
Global
	GlobalSection(SolutionConfigurationPlatforms) = preSolution
		Debug|Any CPU = Debug|Any CPU
		Release|Any CPU = Release|Any CPU
	EndGlobalSection
	GlobalSection(ProjectConfigurationPlatforms) = postSolution
		{B6AE94B5-8691-4234-8557-934D2BEB3EBF}.Debug|Any CPU.ActiveCfg = Debug|Any CPU
		{B6AE94B5-8691-4234-8557-934D2BEB3EBF}.Debug|Any CPU.Build.0 = Debug|Any CPU
		{B6AE94B5-8691-4234-8557-934D2BEB3EBF}.Release|Any CPU.ActiveCfg = Release|Any CPU
		{B6AE94B5-8691-4234-8557-934D2BEB3EBF}.Release|Any CPU.Build.0 = Release|Any CPU
	EndGlobalSection
	GlobalSection(SolutionProperties) = preSolution
		HideSolutionNode = FALSE
	EndGlobalSection
	GlobalSection(ExtensibilityGlobals) = postSolution
		SolutionGuid = {127D22C6-A4B6-42D4-BFC5-DA16E517ABB5}
	EndGlobalSection
EndGlobal
